
Microsoft Visual Studio Solution File, Format Version 12.00
# Visual Studio Version 17
VisualStudioVersion = 17.4.33213.308
MinimumVisualStudioVersion = 10.0.40219.1
Project("{9A19103F-16F7-4668-BE54-9A1E7A4F7556}") = "SportsPro", "Case Study 3-1\SportsPro.csproj", "{7978471F-9799-4DFE-AE8E-9901C1BE8604}"
EndProject
Global
	GlobalSection(SolutionConfigurationPlatforms) = preSolution
		Debug|Any CPU = Debug|Any CPU
		Release|Any CPU = Release|Any CPU
	EndGlobalSection
	GlobalSection(ProjectConfigurationPlatforms) = postSolution
		{7978471F-9799-4DFE-AE8E-9901C1BE8604}.Debug|Any CPU.ActiveCfg = Debug|Any CPU
		{7978471F-9799-4DFE-AE8E-9901C1BE8604}.Debug|Any CPU.Build.0 = Debug|Any CPU
		{7978471F-9799-4DFE-AE8E-9901C1BE8604}.Release|Any CPU.ActiveCfg = Release|Any CPU
		{7978471F-9799-4DFE-AE8E-9901C1BE8604}.Release|Any CPU.Build.0 = Release|Any CPU
	EndGlobalSection
	GlobalSection(SolutionProperties) = preSolution
		HideSolutionNode = FALSE
	EndGlobalSection
	GlobalSection(ExtensibilityGlobals) = postSolution
		SolutionGuid = {340AECCD-07BA-4839-BD87-346598E557F6}
	EndGlobalSection
EndGlobal
